// !$*UTF8*$!
{
	archiveVersion = 1;
	classes = {
	};
	objectVersion = 46;
	objects = {

/* Begin PBXBuildFile section */
		10875CF31D3551CE00CD5DE7 /* AppDelegate.swift in Sources */ = {isa = PBXBuildFile; fileRef = 10875CF21D3551CE00CD5DE7 /* AppDelegate.swift */; };
		10875CF51D3551CE00CD5DE7 /* ViewController.swift in Sources */ = {isa = PBXBuildFile; fileRef = 10875CF41D3551CE00CD5DE7 /* ViewController.swift */; };
		10875CF81D3551CE00CD5DE7 /* Main.storyboard in Resources */ = {isa = PBXBuildFile; fileRef = 10875CF61D3551CE00CD5DE7 /* Main.storyboard */; };
		10875CFA1D3551CE00CD5DE7 /* Assets.xcassets in Resources */ = {isa = PBXBuildFile; fileRef = 10875CF91D3551CE00CD5DE7 /* Assets.xcassets */; };
		10875CFD1D3551CE00CD5DE7 /* LaunchScreen.storyboard in Resources */ = {isa = PBXBuildFile; fileRef = 10875CFB1D3551CE00CD5DE7 /* LaunchScreen.storyboard */; };
		10BA0A101D3552A000891842 /* CoolGraphView.swift in Sources */ = {isa = PBXBuildFile; fileRef = 10BA0A0F1D3552A000891842 /* CoolGraphView.swift */; };
		10E25CAA1D35B01A00C99696 /* TexasView.swift in Sources */ = {isa = PBXBuildFile; fileRef = 10E25CA91D35B01A00C99696 /* TexasView.swift */; };
/* End PBXBuildFile section */

/* Begin PBXFileReference section */
		10875CEF1D3551CD00CD5DE7 /* LineGraph.app */ = {isa = PBXFileReference; explicitFileType = wrapper.application; includeInIndex = 0; path = LineGraph.app; sourceTree = BUILT_PRODUCTS_DIR; };
		10875CF21D3551CE00CD5DE7 /* AppDelegate.swift */ = {isa = PBXFileReference; lastKnownFileType = sourcecode.swift; path = AppDelegate.swift; sourceTree = "<group>"; };
		10875CF41D3551CE00CD5DE7 /* ViewController.swift */ = {isa = PBXFileReference; lastKnownFileType = sourcecode.swift; path = ViewController.swift; sourceTree = "<group>"; };
		10875CF71D3551CE00CD5DE7 /* Base */ = {isa = PBXFileReference; lastKnownFileType = file.storyboard; name = Base; path = Base.lproj/Main.storyboard; sourceTree = "<group>"; };
		10875CF91D3551CE00CD5DE7 /* Assets.xcassets */ = {isa = PBXFileReference; lastKnownFileType = folder.assetcatalog; path = Assets.xcassets; sourceTree = "<group>"; };
		10875CFC1D3551CE00CD5DE7 /* Base */ = {isa = PBXFileReference; lastKnownFileType = file.storyboard; name = Base; path = Base.lproj/LaunchScreen.storyboard; sourceTree = "<group>"; };
		10875CFE1D3551CE00CD5DE7 /* Info.plist */ = {isa = PBXFileReference; lastKnownFileType = text.plist.xml; path = Info.plist; sourceTree = "<group>"; };
		10BA0A0F1D3552A000891842 /* CoolGraphView.swift */ = {isa = PBXFileReference; fileEncoding = 4; lastKnownFileType = sourcecode.swift; path = CoolGraphView.swift; sourceTree = "<group>"; };
		10E25CA91D35B01A00C99696 /* TexasView.swift */ = {isa = PBXFileReference; fileEncoding = 4; lastKnownFileType = sourcecode.swift; path = TexasView.swift; sourceTree = "<group>"; };
/* End PBXFileReference section */

/* Begin PBXFrameworksBuildPhase section */
		10875CEC1D3551CD00CD5DE7 /* Frameworks */ = {
			isa = PBXFrameworksBuildPhase;
			buildActionMask = 2147483647;
			files = (
			);
			runOnlyForDeploymentPostprocessing = 0;
		};
/* End PBXFrameworksBuildPhase section */

/* Begin PBXGroup section */
		10875CE61D3551CD00CD5DE7 = {
			isa = PBXGroup;
			children = (
				10875CF11D3551CE00CD5DE7 /* LineGraph */,
				10875CF01D3551CD00CD5DE7 /* Products */,
			);
			sourceTree = "<group>";
		};
		10875CF01D3551CD00CD5DE7 /* Products */ = {
			isa = PBXGroup;
			children = (
				10875CEF1D3551CD00CD5DE7 /* LineGraph.app */,
			);
			name = Products;
			sourceTree = "<group>";
		};
		10875CF11D3551CE00CD5DE7 /* LineGraph */ = {
			isa = PBXGroup;
			children = (
				10875CF21D3551CE00CD5DE7 /* AppDelegate.swift */,
				10875CF41D3551CE00CD5DE7 /* ViewController.swift */,
				10875CF61D3551CE00CD5DE7 /* Main.storyboard */,
				10875CF91D3551CE00CD5DE7 /* Assets.xcassets */,
				10875CFB1D3551CE00CD5DE7 /* LaunchScreen.storyboard */,
				10875CFE1D3551CE00CD5DE7 /* Info.plist */,
				10BA0A0F1D3552A000891842 /* CoolGraphView.swift */,
				10E25CA91D35B01A00C99696 /* TexasView.swift */,
			);
			path = LineGraph;
			sourceTree = "<group>";
		};
/* End PBXGroup section */

/* Begin PBXNativeTarget section */
		10875CEE1D3551CD00CD5DE7 /* LineGraph */ = {
			isa = PBXNativeTarget;
			buildConfigurationList = 10875D011D3551CE00CD5DE7 /* Build configuration list for PBXNativeTarget "LineGraph" */;
			buildPhases = (
				10875CEB1D3551CD00CD5DE7 /* Sources */,
				10875CEC1D3551CD00CD5DE7 /* Frameworks */,
				10875CED1D3551CD00CD5DE7 /* Resources */,
			);
			buildRules = (
			);
			dependencies = (
			);
			name = LineGraph;
			productName = LineGraph;
			productReference = 10875CEF1D3551CD00CD5DE7 /* LineGraph.app */;
			productType = "com.apple.product-type.application";
		};
/* End PBXNativeTarget section */

/* Begin PBXProject section */
		10875CE71D3551CD00CD5DE7 /* Project object */ = {
			isa = PBXProject;
			attributes = {
				LastSwiftUpdateCheck = 0730;
				LastUpgradeCheck = 0730;
				ORGANIZATIONNAME = "Efrain Ayllon";
				TargetAttributes = {
					10875CEE1D3551CD00CD5DE7 = {
						CreatedOnToolsVersion = 7.3.1;
					};
				};
			};
			buildConfigurationList = 10875CEA1D3551CD00CD5DE7 /* Build configuration list for PBXProject "LineGraph" */;
			compatibilityVersion = "Xcode 3.2";
			developmentRegion = English;
			hasScannedForEncodings = 0;
			knownRegions = (
				en,
				Base,
			);
			mainGroup = 10875CE61D3551CD00CD5DE7;
			productRefGroup = 10875CF01D3551CD00CD5DE7 /* Products */;
			projectDirPath = "";
			projectRoot = "";
			targets = (
				10875CEE1D3551CD00CD5DE7 /* LineGraph */,
			);
		};
/* End PBXProject section */

/* Begin PBXResourcesBuildPhase section */
		10875CED1D3551CD00CD5DE7 /* Resources */ = {
			isa = PBXResourcesBuildPhase;
			buildActionMask = 2147483647;
			files = (
				10875CFD1D3551CE00CD5DE7 /* LaunchScreen.storyboard in Resources */,
				10875CFA1D3551CE00CD5DE7 /* Assets.xcassets in Resources */,
				10875CF81D3551CE00CD5DE7 /* Main.storyboard in Resources */,
			);
			runOnlyForDeploymentPostprocessing = 0;
		};
/* End PBXResourcesBuildPhase section */

/* Begin PBXSourcesBuildPhase section */
		10875CEB1D3551CD00CD5DE7 /* Sources */ = {
			isa = PBXSourcesBuildPhase;
			buildActionMask = 2147483647;
			files = (
				10BA0A101D3552A000891842 /* CoolGraphView.swift in Sources */,
				10875CF51D3551CE00CD5DE7 /* ViewController.swift in Sources */,
				10E25CAA1D35B01A00C99696 /* TexasView.swift in Sources */,
				10875CF31D3551CE00CD5DE7 /* AppDelegate.swift in Sources */,
			);
			runOnlyForDeploymentPostprocessing = 0;
		};
/* End PBXSourcesBuildPhase section */

/* Begin PBXVariantGroup section */
		10875CF61D3551CE00CD5DE7 /* Main.storyboard */ = {
			isa = PBXVariantGroup;
			children = (
				10875CF71D3551CE00CD5DE7 /* Base */,
			);
			name = Main.storyboard;
			sourceTree = "<group>";
		};
		10875CFB1D3551CE00CD5DE7 /* LaunchScreen.storyboard */ = {
			isa = PBXVariantGroup;
			children = (
				10875CFC1D3551CE00CD5DE7 /* Base */,
			);
			name = LaunchScreen.storyboard;
			sourceTree = "<group>";
		};
/* End PBXVariantGroup section */

/* Begin XCBuildConfiguration section */
		10875CFF1D3551CE00CD5DE7 /* Debug */ = {
			isa = XCBuildConfiguration;
			buildSettings = {
				ALWAYS_SEARCH_USER_PATHS = NO;
				CLANG_ANALYZER_NONNULL = YES;
				CLANG_CXX_LANGUAGE_STANDARD = "gnu++0x";
				CLANG_CXX_LIBRARY = "libc++";
				CLANG_ENABLE_MODULES = YES;
				CLANG_ENABLE_OBJC_ARC = YES;
				CLANG_WARN_BOOL_CONVERSION = YES;
				CLANG_WARN_CONSTANT_CONVERSION = YES;
				CLANG_WARN_DIRECT_OBJC_ISA_USAGE = YES_ERROR;
				CLANG_WARN_EMPTY_BODY = YES;
				CLANG_WARN_ENUM_CONVERSION = YES;
				CLANG_WARN_INT_CONVERSION = YES;
				CLANG_WARN_OBJC_ROOT_CLASS = YES_ERROR;
				CLANG_WARN_UNREACHABLE_CODE = YES;
				CLANG_WARN__DUPLICATE_METHOD_MATCH = YES;
				"CODE_SIGN_IDENTITY[sdk=iphoneos*]" = "iPhone Developer";
				COPY_PHASE_STRIP = NO;
				DEBUG_INFORMATION_FORMAT = dwarf;
				ENABLE_STRICT_OBJC_MSGSEND = YES;
				ENABLE_TESTABILITY = YES;
				GCC_C_LANGUAGE_STANDARD = gnu99;
				GCC_DYNAMIC_NO_PIC = NO;
				GCC_NO_COMMON_BLOCKS = YES;
				GCC_OPTIMIZATION_LEVEL = 0;
				GCC_PREPROCESSOR_DEFINITIONS = (
					"DEBUG=1",
					"$(inherited)",
				);
				GCC_WARN_64_TO_32_BIT_CONVERSION = YES;
				GCC_WARN_ABOUT_RETURN_TYPE = YES_ERROR;
				GCC_WARN_UNDECLARED_SELECTOR = YES;
				GCC_WARN_UNINITIALIZED_AUTOS = YES_AGGRESSIVE;
				GCC_WARN_UNUSED_FUNCTION = YES;
				GCC_WARN_UNUSED_VARIABLE = YES;
				IPHONEOS_DEPLOYMENT_TARGET = 9.3;
				MTL_ENABLE_DEBUG_INFO = YES;
				ONLY_ACTIVE_ARCH = YES;
				SDKROOT = iphoneos;
				SWIFT_OPTIMIZATION_LEVEL = "-Onone";
				TARGETED_DEVICE_FAMILY = "1,2";
			};
			name = Debug;
		};
		10875D001D3551CE00CD5DE7 /* Release */ = {
			isa = XCBuildConfiguration;
			buildSettings = {
				ALWAYS_SEARCH_USER_PATHS = NO;
				CLANG_ANALYZER_NONNULL = YES;
				CLANG_CXX_LANGUAGE_STANDARD = "gnu++0x";
				CLANG_CXX_LIBRARY = "libc++";
				CLANG_ENABLE_MODULES = YES;
				CLANG_ENABLE_OBJC_ARC = YES;
				CLANG_WARN_BOOL_CONVERSION = YES;
				CLANG_WARN_CONSTANT_CONVERSION = YES;
				CLANG_WARN_DIRECT_OBJC_ISA_USAGE = YES_ERROR;
				CLANG_WARN_EMPTY_BODY = YES;
				CLANG_WARN_ENUM_CONVERSION = YES;
				CLANG_WARN_INT_CONVERSION = YES;
				CLANG_WARN_OBJC_ROOT_CLASS = YES_ERROR;
				CLANG_WARN_UNREACHABLE_CODE = YES;
				CLANG_WARN__DUPLICATE_METHOD_MATCH = YES;
				"CODE_SIGN_IDENTITY[sdk=iphoneos*]" = "iPhone Developer";
				COPY_PHASE_STRIP = NO;
				DEBUG_INFORMATION_FORMAT = "dwarf-with-dsym";
				ENABLE_NS_ASSERTIONS = NO;
				ENABLE_STRICT_OBJC_MSGSEND = YES;
				GCC_C_LANGUAGE_STANDARD = gnu99;
				GCC_NO_COMMON_BLOCKS = YES;
				GCC_WARN_64_TO_32_BIT_CONVERSION = YES;
				GCC_WARN_ABOUT_RETURN_TYPE = YES_ERROR;
				GCC_WARN_UNDECLARED_SELECTOR = YES;
				GCC_WARN_UNINITIALIZED_AUTOS = YES_AGGRESSIVE;
				GCC_WARN_UNUSED_FUNCTION = YES;
				GCC_WARN_UNUSED_VARIABLE = YES;
				IPHONEOS_DEPLOYMENT_TARGET = 9.3;
				MTL_ENABLE_DEBUG_INFO = NO;
				SDKROOT = iphoneos;
				TARGETED_DEVICE_FAMILY = "1,2";
				VALIDATE_PRODUCT = YES;
			};
			name = Release;
		};
		10875D021D3551CE00CD5DE7 /* Debug */ = {
			isa = XCBuildConfiguration;
			buildSettings = {
				ASSETCATALOG_COMPILER_APPICON_NAME = AppIcon;
				INFOPLIST_FILE = LineGraph/Info.plist;
				LD_RUNPATH_SEARCH_PATHS = "$(inherited) @executable_path/Frameworks";
				PRODUCT_BUNDLE_IDENTIFIER = com.earoa.LineGraph;
				PRODUCT_NAME = "$(TARGET_NAME)";
			};
			name = Debug;
		};
		10875D031D3551CE00CD5DE7 /* Release */ = {
			isa = XCBuildConfiguration;
			buildSettings = {
				ASSETCATALOG_COMPILER_APPICON_NAME = AppIcon;
				INFOPLIST_FILE = LineGraph/Info.plist;
				LD_RUNPATH_SEARCH_PATHS = "$(inherited) @executable_path/Frameworks";
				PRODUCT_BUNDLE_IDENTIFIER = com.earoa.LineGraph;
				PRODUCT_NAME = "$(TARGET_NAME)";
			};
			name = Release;
		};
/* End XCBuildConfiguration section */

/* Begin XCConfigurationList section */
		10875CEA1D3551CD00CD5DE7 /* Build configuration list for PBXProject "LineGraph" */ = {
			isa = XCConfigurationList;
			buildConfigurations = (
				10875CFF1D3551CE00CD5DE7 /* Debug */,
				10875D001D3551CE00CD5DE7 /* Release */,
			);
			defaultConfigurationIsVisible = 0;
			defaultConfigurationName = Release;
		};
		10875D011D3551CE00CD5DE7 /* Build configuration list for PBXNativeTarget "LineGraph" */ = {
			isa = XCConfigurationList;
			buildConfigurations = (
				10875D021D3551CE00CD5DE7 /* Debug */,
				10875D031D3551CE00CD5DE7 /* Release */,
			);
			defaultConfigurationIsVisible = 0;
			defaultConfigurationName = Release;
		};
/* End XCConfigurationList section */
	};
	rootObject = 10875CE71D3551CD00CD5DE7 /* Project object */;
}
